
Microsoft Visual Studio Solution File, Format Version 12.00
# Visual Studio Version 16
VisualStudioVersion = 16.0.30611.23
MinimumVisualStudioVersion = 15.0.26124.0
Project("{9A19103F-16F7-4668-BE54-9A1E7A4F7556}") = "WorkSplitCdkStacks", "WorkSplitCdkStacks\WorkSplitCdkStacks.csproj", "{4064FB02-4B4F-4389-B679-0E67CD327D7C}"
EndProject
Project("{9A19103F-16F7-4668-BE54-9A1E7A4F7556}") = "Web", "Web\Web.csproj", "{7C2B9337-0261-4124-A059-072A25EE1B03}"
EndProject
Project("{9A19103F-16F7-4668-BE54-9A1E7A4F7556}") = "Infrastructure", "Infrastructure\Infrastructure.csproj", "{6255335C-1BC5-4519-B566-85B68C91BEA1}"
EndProject
Project("{9A19103F-16F7-4668-BE54-9A1E7A4F7556}") = "Web.Tests", "test\Web.Tests\Web.Tests.csproj", "{C0D8AA44-DF7E-408D-B9B0-8613248E1B01}"
EndProject
Project("{9A19103F-16F7-4668-BE54-9A1E7A4F7556}") = "Client", "Client\Client.csproj", "{79BF7CD5-F14A-4C20-BBC2-E21614E63C6F}"
EndProject
Global
	GlobalSection(SolutionConfigurationPlatforms) = preSolution
		Debug|Any CPU = Debug|Any CPU
		Release|Any CPU = Release|Any CPU
	EndGlobalSection
	GlobalSection(ProjectConfigurationPlatforms) = postSolution
		{4064FB02-4B4F-4389-B679-0E67CD327D7C}.Debug|Any CPU.ActiveCfg = Debug|Any CPU
		{4064FB02-4B4F-4389-B679-0E67CD327D7C}.Debug|Any CPU.Build.0 = Debug|Any CPU
		{4064FB02-4B4F-4389-B679-0E67CD327D7C}.Release|Any CPU.ActiveCfg = Release|Any CPU
		{4064FB02-4B4F-4389-B679-0E67CD327D7C}.Release|Any CPU.Build.0 = Release|Any CPU
		{7C2B9337-0261-4124-A059-072A25EE1B03}.Debug|Any CPU.ActiveCfg = Debug|Any CPU
		{7C2B9337-0261-4124-A059-072A25EE1B03}.Debug|Any CPU.Build.0 = Debug|Any CPU
		{7C2B9337-0261-4124-A059-072A25EE1B03}.Release|Any CPU.ActiveCfg = Release|Any CPU
		{7C2B9337-0261-4124-A059-072A25EE1B03}.Release|Any CPU.Build.0 = Release|Any CPU
		{6255335C-1BC5-4519-B566-85B68C91BEA1}.Debug|Any CPU.ActiveCfg = Debug|Any CPU
		{6255335C-1BC5-4519-B566-85B68C91BEA1}.Debug|Any CPU.Build.0 = Debug|Any CPU
		{6255335C-1BC5-4519-B566-85B68C91BEA1}.Release|Any CPU.ActiveCfg = Release|Any CPU
		{6255335C-1BC5-4519-B566-85B68C91BEA1}.Release|Any CPU.Build.0 = Release|Any CPU
		{C0D8AA44-DF7E-408D-B9B0-8613248E1B01}.Debug|Any CPU.ActiveCfg = Debug|Any CPU
		{C0D8AA44-DF7E-408D-B9B0-8613248E1B01}.Debug|Any CPU.Build.0 = Debug|Any CPU
		{C0D8AA44-DF7E-408D-B9B0-8613248E1B01}.Release|Any CPU.ActiveCfg = Release|Any CPU
		{C0D8AA44-DF7E-408D-B9B0-8613248E1B01}.Release|Any CPU.Build.0 = Release|Any CPU
		{79BF7CD5-F14A-4C20-BBC2-E21614E63C6F}.Debug|Any CPU.ActiveCfg = Debug|Any CPU
		{79BF7CD5-F14A-4C20-BBC2-E21614E63C6F}.Debug|Any CPU.Build.0 = Debug|Any CPU
		{79BF7CD5-F14A-4C20-BBC2-E21614E63C6F}.Release|Any CPU.ActiveCfg = Release|Any CPU
		{79BF7CD5-F14A-4C20-BBC2-E21614E63C6F}.Release|Any CPU.Build.0 = Release|Any CPU
	EndGlobalSection
	GlobalSection(SolutionProperties) = preSolution
		HideSolutionNode = FALSE
	EndGlobalSection
	GlobalSection(ExtensibilityGlobals) = postSolution
		SolutionGuid = {90316802-330D-438C-9C01-0EA94B7CB15D}
	EndGlobalSection
EndGlobal
